// !$*UTF8*$!
{
	archiveVersion = 1;
	classes = {
	};
	objectVersion = 55;
	objects = {

/* Begin PBXBuildFile section */
		CD00841727F428D40015B0CB /* TimeStampVC.swift in Sources */ = {isa = PBXBuildFile; fileRef = CD00841527F428D40015B0CB /* TimeStampVC.swift */; };
		CD00841827F428D40015B0CB /* TimeStampVC.xib in Resources */ = {isa = PBXBuildFile; fileRef = CD00841627F428D40015B0CB /* TimeStampVC.xib */; };
		CD00841A27F43FD60015B0CB /* TimeStampVM.swift in Sources */ = {isa = PBXBuildFile; fileRef = CD00841927F43FD60015B0CB /* TimeStampVM.swift */; };
		CD2851DD27E99F9400B94814 /* AppDelegate.swift in Sources */ = {isa = PBXBuildFile; fileRef = CD2851DC27E99F9400B94814 /* AppDelegate.swift */; };
		CD2851DF27E99F9400B94814 /* SceneDelegate.swift in Sources */ = {isa = PBXBuildFile; fileRef = CD2851DE27E99F9400B94814 /* SceneDelegate.swift */; };
		CD2851E127E99F9400B94814 /* RootVC.swift in Sources */ = {isa = PBXBuildFile; fileRef = CD2851E027E99F9400B94814 /* RootVC.swift */; };
		CD2851E427E99F9400B94814 /* Root.storyboard in Resources */ = {isa = PBXBuildFile; fileRef = CD2851E227E99F9400B94814 /* Root.storyboard */; };
		CD2851E627E99FA100B94814 /* Assets.xcassets in Resources */ = {isa = PBXBuildFile; fileRef = CD2851E527E99FA100B94814 /* Assets.xcassets */; };
		CD2851E927E99FA100B94814 /* LaunchScreen.storyboard in Resources */ = {isa = PBXBuildFile; fileRef = CD2851E727E99FA100B94814 /* LaunchScreen.storyboard */; };
		CD2851F127E9A92D00B94814 /* RootVM.swift in Sources */ = {isa = PBXBuildFile; fileRef = CD2851F027E9A92D00B94814 /* RootVM.swift */; };
		CD2851F327E9AB4700B94814 /* RootDM.swift in Sources */ = {isa = PBXBuildFile; fileRef = CD2851F227E9AB4700B94814 /* RootDM.swift */; };
		CD2851FC27E9CFA100B94814 /* Enums.swift in Sources */ = {isa = PBXBuildFile; fileRef = CD2851FB27E9CFA100B94814 /* Enums.swift */; };
		CD28520027E9E8CB00B94814 /* Extensions.swift in Sources */ = {isa = PBXBuildFile; fileRef = CD2851FF27E9E8CB00B94814 /* Extensions.swift */; };
		CDC711E927F1BE4A0047FE90 /* SliderVC.swift in Sources */ = {isa = PBXBuildFile; fileRef = CDC711E727F1BE4A0047FE90 /* SliderVC.swift */; };
		CDC711EA27F1BE4A0047FE90 /* SliderVC.xib in Resources */ = {isa = PBXBuildFile; fileRef = CDC711E827F1BE4A0047FE90 /* SliderVC.xib */; };
		CDC711EC27F1CBEE0047FE90 /* SliderVM.swift in Sources */ = {isa = PBXBuildFile; fileRef = CDC711EB27F1CBEE0047FE90 /* SliderVM.swift */; };
		CDC711EE27F1CBFD0047FE90 /* SliderDS.swift in Sources */ = {isa = PBXBuildFile; fileRef = CDC711ED27F1CBFD0047FE90 /* SliderDS.swift */; };
		CDC711F227F2B7540047FE90 /* TableVC.swift in Sources */ = {isa = PBXBuildFile; fileRef = CDC711F027F2B7540047FE90 /* TableVC.swift */; };
		CDC711F327F2B7540047FE90 /* TableVC.xib in Resources */ = {isa = PBXBuildFile; fileRef = CDC711F127F2B7540047FE90 /* TableVC.xib */; };
		CDC711F627F2BB560047FE90 /* MyTableViewCell.swift in Sources */ = {isa = PBXBuildFile; fileRef = CDC711F427F2BB560047FE90 /* MyTableViewCell.swift */; };
		CDC711F727F2BB560047FE90 /* MyTableViewCell.xib in Resources */ = {isa = PBXBuildFile; fileRef = CDC711F527F2BB560047FE90 /* MyTableViewCell.xib */; };
		CDC711F927F2BE600047FE90 /* TableVM.swift in Sources */ = {isa = PBXBuildFile; fileRef = CDC711F827F2BE600047FE90 /* TableVM.swift */; };
		CDE9B1AB27EC7A3D00BB978A /* EditorDM.swift in Sources */ = {isa = PBXBuildFile; fileRef = CDE9B1AA27EC7A3D00BB978A /* EditorDM.swift */; };
		CDE9B1AE27EC7A6C00BB978A /* EditorVC.swift in Sources */ = {isa = PBXBuildFile; fileRef = CDE9B1AC27EC7A6C00BB978A /* EditorVC.swift */; };
		CDE9B1AF27EC7A6C00BB978A /* EditorVC.xib in Resources */ = {isa = PBXBuildFile; fileRef = CDE9B1AD27EC7A6C00BB978A /* EditorVC.xib */; };
		CDE9B1B127EC7AD200BB978A /* EditorVM.swift in Sources */ = {isa = PBXBuildFile; fileRef = CDE9B1B027EC7AD200BB978A /* EditorVM.swift */; };
		CDE9B1B427ED97DB00BB978A /* NavigationsViewController.swift in Sources */ = {isa = PBXBuildFile; fileRef = CDE9B1B327ED97DB00BB978A /* NavigationsViewController.swift */; };
		CDE9B1B827EDF68F00BB978A /* FiltersVC.swift in Sources */ = {isa = PBXBuildFile; fileRef = CDE9B1B627EDF68F00BB978A /* FiltersVC.swift */; };
		CDE9B1B927EDF68F00BB978A /* FiltersVC.xib in Resources */ = {isa = PBXBuildFile; fileRef = CDE9B1B727EDF68F00BB978A /* FiltersVC.xib */; };
		CDE9B1C127EEF17100BB978A /* FiltersCollectionViewCell.swift in Sources */ = {isa = PBXBuildFile; fileRef = CDE9B1BF27EEF17100BB978A /* FiltersCollectionViewCell.swift */; };
		CDE9B1C227EEF17100BB978A /* FiltersCollectionViewCell.xib in Resources */ = {isa = PBXBuildFile; fileRef = CDE9B1C027EEF17100BB978A /* FiltersCollectionViewCell.xib */; };
		CDE9B1C427EF18BA00BB978A /* FiltersVM.swift in Sources */ = {isa = PBXBuildFile; fileRef = CDE9B1C327EF18BA00BB978A /* FiltersVM.swift */; };
		CDE9B1C627EF202E00BB978A /* FilterInfo.swift in Sources */ = {isa = PBXBuildFile; fileRef = CDE9B1C527EF202E00BB978A /* FilterInfo.swift */; };
/* End PBXBuildFile section */

/* Begin PBXFileReference section */
		CD00841527F428D40015B0CB /* TimeStampVC.swift */ = {isa = PBXFileReference; lastKnownFileType = sourcecode.swift; path = TimeStampVC.swift; sourceTree = "<group>"; };
		CD00841627F428D40015B0CB /* TimeStampVC.xib */ = {isa = PBXFileReference; lastKnownFileType = file.xib; path = TimeStampVC.xib; sourceTree = "<group>"; };
		CD00841927F43FD60015B0CB /* TimeStampVM.swift */ = {isa = PBXFileReference; lastKnownFileType = sourcecode.swift; path = TimeStampVM.swift; sourceTree = "<group>"; };
		CD2851D927E99F9400B94814 /* ImageEffect.app */ = {isa = PBXFileReference; explicitFileType = wrapper.application; includeInIndex = 0; path = ImageEffect.app; sourceTree = BUILT_PRODUCTS_DIR; };
		CD2851DC27E99F9400B94814 /* AppDelegate.swift */ = {isa = PBXFileReference; lastKnownFileType = sourcecode.swift; path = AppDelegate.swift; sourceTree = "<group>"; };
		CD2851DE27E99F9400B94814 /* SceneDelegate.swift */ = {isa = PBXFileReference; lastKnownFileType = sourcecode.swift; path = SceneDelegate.swift; sourceTree = "<group>"; };
		CD2851E027E99F9400B94814 /* RootVC.swift */ = {isa = PBXFileReference; lastKnownFileType = sourcecode.swift; path = RootVC.swift; sourceTree = "<group>"; };
		CD2851E327E99F9400B94814 /* Base */ = {isa = PBXFileReference; lastKnownFileType = file.storyboard; name = Base; path = Base.lproj/Root.storyboard; sourceTree = "<group>"; };
		CD2851E527E99FA100B94814 /* Assets.xcassets */ = {isa = PBXFileReference; lastKnownFileType = folder.assetcatalog; path = Assets.xcassets; sourceTree = "<group>"; };
		CD2851E827E99FA100B94814 /* Base */ = {isa = PBXFileReference; lastKnownFileType = file.storyboard; name = Base; path = Base.lproj/LaunchScreen.storyboard; sourceTree = "<group>"; };
		CD2851EA27E99FA100B94814 /* Info.plist */ = {isa = PBXFileReference; lastKnownFileType = text.plist.xml; path = Info.plist; sourceTree = "<group>"; };
		CD2851F027E9A92D00B94814 /* RootVM.swift */ = {isa = PBXFileReference; lastKnownFileType = sourcecode.swift; path = RootVM.swift; sourceTree = "<group>"; };
		CD2851F227E9AB4700B94814 /* RootDM.swift */ = {isa = PBXFileReference; lastKnownFileType = sourcecode.swift; path = RootDM.swift; sourceTree = "<group>"; };
		CD2851FB27E9CFA100B94814 /* Enums.swift */ = {isa = PBXFileReference; lastKnownFileType = sourcecode.swift; path = Enums.swift; sourceTree = "<group>"; };
		CD2851FF27E9E8CB00B94814 /* Extensions.swift */ = {isa = PBXFileReference; lastKnownFileType = sourcecode.swift; path = Extensions.swift; sourceTree = "<group>"; };
		CDC711E727F1BE4A0047FE90 /* SliderVC.swift */ = {isa = PBXFileReference; lastKnownFileType = sourcecode.swift; path = SliderVC.swift; sourceTree = "<group>"; };
		CDC711E827F1BE4A0047FE90 /* SliderVC.xib */ = {isa = PBXFileReference; lastKnownFileType = file.xib; path = SliderVC.xib; sourceTree = "<group>"; };
		CDC711EB27F1CBEE0047FE90 /* SliderVM.swift */ = {isa = PBXFileReference; lastKnownFileType = sourcecode.swift; path = SliderVM.swift; sourceTree = "<group>"; };
		CDC711ED27F1CBFD0047FE90 /* SliderDS.swift */ = {isa = PBXFileReference; lastKnownFileType = sourcecode.swift; path = SliderDS.swift; sourceTree = "<group>"; };
		CDC711F027F2B7540047FE90 /* TableVC.swift */ = {isa = PBXFileReference; lastKnownFileType = sourcecode.swift; path = TableVC.swift; sourceTree = "<group>"; };
		CDC711F127F2B7540047FE90 /* TableVC.xib */ = {isa = PBXFileReference; lastKnownFileType = file.xib; path = TableVC.xib; sourceTree = "<group>"; };
		CDC711F427F2BB560047FE90 /* MyTableViewCell.swift */ = {isa = PBXFileReference; lastKnownFileType = sourcecode.swift; path = MyTableViewCell.swift; sourceTree = "<group>"; };
		CDC711F527F2BB560047FE90 /* MyTableViewCell.xib */ = {isa = PBXFileReference; lastKnownFileType = file.xib; path = MyTableViewCell.xib; sourceTree = "<group>"; };
		CDC711F827F2BE600047FE90 /* TableVM.swift */ = {isa = PBXFileReference; lastKnownFileType = sourcecode.swift; path = TableVM.swift; sourceTree = "<group>"; };
		CDE9B1AA27EC7A3D00BB978A /* EditorDM.swift */ = {isa = PBXFileReference; lastKnownFileType = sourcecode.swift; path = EditorDM.swift; sourceTree = "<group>"; };
		CDE9B1AC27EC7A6C00BB978A /* EditorVC.swift */ = {isa = PBXFileReference; lastKnownFileType = sourcecode.swift; path = EditorVC.swift; sourceTree = "<group>"; };
		CDE9B1AD27EC7A6C00BB978A /* EditorVC.xib */ = {isa = PBXFileReference; lastKnownFileType = file.xib; path = EditorVC.xib; sourceTree = "<group>"; };
		CDE9B1B027EC7AD200BB978A /* EditorVM.swift */ = {isa = PBXFileReference; lastKnownFileType = sourcecode.swift; path = EditorVM.swift; sourceTree = "<group>"; };
		CDE9B1B327ED97DB00BB978A /* NavigationsViewController.swift */ = {isa = PBXFileReference; fileEncoding = 4; lastKnownFileType = sourcecode.swift; path = NavigationsViewController.swift; sourceTree = "<group>"; };
		CDE9B1B627EDF68F00BB978A /* FiltersVC.swift */ = {isa = PBXFileReference; lastKnownFileType = sourcecode.swift; path = FiltersVC.swift; sourceTree = "<group>"; };
		CDE9B1B727EDF68F00BB978A /* FiltersVC.xib */ = {isa = PBXFileReference; lastKnownFileType = file.xib; path = FiltersVC.xib; sourceTree = "<group>"; };
		CDE9B1BF27EEF17100BB978A /* FiltersCollectionViewCell.swift */ = {isa = PBXFileReference; lastKnownFileType = sourcecode.swift; path = FiltersCollectionViewCell.swift; sourceTree = "<group>"; };
		CDE9B1C027EEF17100BB978A /* FiltersCollectionViewCell.xib */ = {isa = PBXFileReference; lastKnownFileType = file.xib; path = FiltersCollectionViewCell.xib; sourceTree = "<group>"; };
		CDE9B1C327EF18BA00BB978A /* FiltersVM.swift */ = {isa = PBXFileReference; lastKnownFileType = sourcecode.swift; path = FiltersVM.swift; sourceTree = "<group>"; };
		CDE9B1C527EF202E00BB978A /* FilterInfo.swift */ = {isa = PBXFileReference; lastKnownFileType = sourcecode.swift; path = FilterInfo.swift; sourceTree = "<group>"; };
/* End PBXFileReference section */

/* Begin PBXFrameworksBuildPhase section */
		CD2851D627E99F9400B94814 /* Frameworks */ = {
			isa = PBXFrameworksBuildPhase;
			buildActionMask = 2147483647;
			files = (
			);
			runOnlyForDeploymentPostprocessing = 0;
		};
/* End PBXFrameworksBuildPhase section */

/* Begin PBXGroup section */
		CD00841427F428A60015B0CB /* Time Stamp */ = {
			isa = PBXGroup;
			children = (
				CD00841527F428D40015B0CB /* TimeStampVC.swift */,
				CD00841627F428D40015B0CB /* TimeStampVC.xib */,
				CD00841927F43FD60015B0CB /* TimeStampVM.swift */,
			);
			path = "Time Stamp";
			sourceTree = "<group>";
		};
		CD2851D027E99F9400B94814 = {
			isa = PBXGroup;
			children = (
				CD2851DB27E99F9400B94814 /* ImageEffect */,
				CD2851DA27E99F9400B94814 /* Products */,
			);
			sourceTree = "<group>";
		};
		CD2851DA27E99F9400B94814 /* Products */ = {
			isa = PBXGroup;
			children = (
				CD2851D927E99F9400B94814 /* ImageEffect.app */,
			);
			name = Products;
			sourceTree = "<group>";
		};
		CD2851DB27E99F9400B94814 /* ImageEffect */ = {
			isa = PBXGroup;
			children = (
				CD2851FA27E9CF6A00B94814 /* Utility */,
				CD2851F427E9AD9D00B94814 /* Application */,
				CD2851F527E9ADC200B94814 /* Resource */,
				CD2851F727E9B48D00B94814 /* MVVM */,
				CD2851EA27E99FA100B94814 /* Info.plist */,
			);
			path = ImageEffect;
			sourceTree = "<group>";
		};
		CD2851F427E9AD9D00B94814 /* Application */ = {
			isa = PBXGroup;
			children = (
				CD2851E727E99FA100B94814 /* LaunchScreen.storyboard */,
				CD2851DC27E99F9400B94814 /* AppDelegate.swift */,
				CD2851DE27E99F9400B94814 /* SceneDelegate.swift */,
			);
			path = Application;
			sourceTree = "<group>";
		};
		CD2851F527E9ADC200B94814 /* Resource */ = {
			isa = PBXGroup;
			children = (
				CD2851E527E99FA100B94814 /* Assets.xcassets */,
			);
			path = Resource;
			sourceTree = "<group>";
		};
		CD2851F627E9ADE000B94814 /* Root  */ = {
			isa = PBXGroup;
			children = (
				CD2851E027E99F9400B94814 /* RootVC.swift */,
				CD2851F027E9A92D00B94814 /* RootVM.swift */,
				CD2851F227E9AB4700B94814 /* RootDM.swift */,
				CD2851E227E99F9400B94814 /* Root.storyboard */,
			);
			path = "Root ";
			sourceTree = "<group>";
		};
		CD2851F727E9B48D00B94814 /* MVVM */ = {
			isa = PBXGroup;
			children = (
				CD00841427F428A60015B0CB /* Time Stamp */,
				CDC711EF27F2B6830047FE90 /* My Table */,
				CDC711E627F1BE1F0047FE90 /* Slider */,
				CDE9B1B527EDF60300BB978A /* Filter */,
				CDE9B1A927EC7A0600BB978A /* Editor */,
				CD2851F627E9ADE000B94814 /* Root  */,
			);
			path = MVVM;
			sourceTree = "<group>";
		};
		CD2851FA27E9CF6A00B94814 /* Utility */ = {
			isa = PBXGroup;
			children = (
				CDE9B1B327ED97DB00BB978A /* NavigationsViewController.swift */,
				CD2851FB27E9CFA100B94814 /* Enums.swift */,
				CD2851FF27E9E8CB00B94814 /* Extensions.swift */,
				CDE9B1C527EF202E00BB978A /* FilterInfo.swift */,
			);
			path = Utility;
			sourceTree = "<group>";
		};
		CDC711E627F1BE1F0047FE90 /* Slider */ = {
			isa = PBXGroup;
			children = (
				CDC711E727F1BE4A0047FE90 /* SliderVC.swift */,
				CDC711E827F1BE4A0047FE90 /* SliderVC.xib */,
				CDC711EB27F1CBEE0047FE90 /* SliderVM.swift */,
				CDC711ED27F1CBFD0047FE90 /* SliderDS.swift */,
			);
			path = Slider;
			sourceTree = "<group>";
		};
		CDC711EF27F2B6830047FE90 /* My Table */ = {
			isa = PBXGroup;
			children = (
				CDC711F827F2BE600047FE90 /* TableVM.swift */,
				CDC711F027F2B7540047FE90 /* TableVC.swift */,
				CDC711F127F2B7540047FE90 /* TableVC.xib */,
				CDC711F427F2BB560047FE90 /* MyTableViewCell.swift */,
				CDC711F527F2BB560047FE90 /* MyTableViewCell.xib */,
			);
			path = "My Table";
			sourceTree = "<group>";
		};
		CDE9B1A927EC7A0600BB978A /* Editor */ = {
			isa = PBXGroup;
			children = (
				CDE9B1AA27EC7A3D00BB978A /* EditorDM.swift */,
				CDE9B1B027EC7AD200BB978A /* EditorVM.swift */,
				CDE9B1AC27EC7A6C00BB978A /* EditorVC.swift */,
				CDE9B1AD27EC7A6C00BB978A /* EditorVC.xib */,
			);
			path = Editor;
			sourceTree = "<group>";
		};
		CDE9B1B527EDF60300BB978A /* Filter */ = {
			isa = PBXGroup;
			children = (
				CDE9B1B727EDF68F00BB978A /* FiltersVC.xib */,
				CDE9B1B627EDF68F00BB978A /* FiltersVC.swift */,
				CDE9B1C327EF18BA00BB978A /* FiltersVM.swift */,
				CDE9B1BF27EEF17100BB978A /* FiltersCollectionViewCell.swift */,
				CDE9B1C027EEF17100BB978A /* FiltersCollectionViewCell.xib */,
			);
			path = Filter;
			sourceTree = "<group>";
		};
/* End PBXGroup section */

/* Begin PBXNativeTarget section */
		CD2851D827E99F9400B94814 /* ImageEffect */ = {
			isa = PBXNativeTarget;
			buildConfigurationList = CD2851ED27E99FA100B94814 /* Build configuration list for PBXNativeTarget "ImageEffect" */;
			buildPhases = (
				CD2851D527E99F9400B94814 /* Sources */,
				CD2851D627E99F9400B94814 /* Frameworks */,
				CD2851D727E99F9400B94814 /* Resources */,
			);
			buildRules = (
			);
			dependencies = (
			);
			name = ImageEffect;
			productName = ImageEffect;
			productReference = CD2851D927E99F9400B94814 /* ImageEffect.app */;
			productType = "com.apple.product-type.application";
		};
/* End PBXNativeTarget section */

/* Begin PBXProject section */
		CD2851D127E99F9400B94814 /* Project object */ = {
			isa = PBXProject;
			attributes = {
				BuildIndependentTargetsInParallel = 1;
				LastSwiftUpdateCheck = 1310;
				LastUpgradeCheck = 1310;
				TargetAttributes = {
					CD2851D827E99F9400B94814 = {
						CreatedOnToolsVersion = 13.1;
					};
				};
			};
			buildConfigurationList = CD2851D427E99F9400B94814 /* Build configuration list for PBXProject "ImageEffect" */;
			compatibilityVersion = "Xcode 13.0";
			developmentRegion = en;
			hasScannedForEncodings = 0;
			knownRegions = (
				en,
				Base,
			);
			mainGroup = CD2851D027E99F9400B94814;
			productRefGroup = CD2851DA27E99F9400B94814 /* Products */;
			projectDirPath = "";
			projectRoot = "";
			targets = (
				CD2851D827E99F9400B94814 /* ImageEffect */,
			);
		};
/* End PBXProject section */

/* Begin PBXResourcesBuildPhase section */
		CD2851D727E99F9400B94814 /* Resources */ = {
			isa = PBXResourcesBuildPhase;
			buildActionMask = 2147483647;
			files = (
				CDE9B1C227EEF17100BB978A /* FiltersCollectionViewCell.xib in Resources */,
				CDC711F727F2BB560047FE90 /* MyTableViewCell.xib in Resources */,
				CDC711EA27F1BE4A0047FE90 /* SliderVC.xib in Resources */,
				CDE9B1AF27EC7A6C00BB978A /* EditorVC.xib in Resources */,
				CD2851E927E99FA100B94814 /* LaunchScreen.storyboard in Resources */,
				CD00841827F428D40015B0CB /* TimeStampVC.xib in Resources */,
				CD2851E627E99FA100B94814 /* Assets.xcassets in Resources */,
				CDC711F327F2B7540047FE90 /* TableVC.xib in Resources */,
				CD2851E427E99F9400B94814 /* Root.storyboard in Resources */,
				CDE9B1B927EDF68F00BB978A /* FiltersVC.xib in Resources */,
			);
			runOnlyForDeploymentPostprocessing = 0;
		};
/* End PBXResourcesBuildPhase section */

/* Begin PBXSourcesBuildPhase section */
		CD2851D527E99F9400B94814 /* Sources */ = {
			isa = PBXSourcesBuildPhase;
			buildActionMask = 2147483647;
			files = (
				CD00841A27F43FD60015B0CB /* TimeStampVM.swift in Sources */,
				CDE9B1C627EF202E00BB978A /* FilterInfo.swift in Sources */,
				CDE9B1B827EDF68F00BB978A /* FiltersVC.swift in Sources */,
				CDE9B1AE27EC7A6C00BB978A /* EditorVC.swift in Sources */,
				CDC711F927F2BE600047FE90 /* TableVM.swift in Sources */,
				CDE9B1B427ED97DB00BB978A /* NavigationsViewController.swift in Sources */,
				CD2851F327E9AB4700B94814 /* RootDM.swift in Sources */,
				CDC711E927F1BE4A0047FE90 /* SliderVC.swift in Sources */,
				CDE9B1C427EF18BA00BB978A /* FiltersVM.swift in Sources */,
				CD2851E127E99F9400B94814 /* RootVC.swift in Sources */,
				CDE9B1C127EEF17100BB978A /* FiltersCollectionViewCell.swift in Sources */,
				CD2851DD27E99F9400B94814 /* AppDelegate.swift in Sources */,
				CD28520027E9E8CB00B94814 /* Extensions.swift in Sources */,
				CDC711F227F2B7540047FE90 /* TableVC.swift in Sources */,
				CDE9B1AB27EC7A3D00BB978A /* EditorDM.swift in Sources */,
				CDC711F627F2BB560047FE90 /* MyTableViewCell.swift in Sources */,
				CDE9B1B127EC7AD200BB978A /* EditorVM.swift in Sources */,
				CD2851F127E9A92D00B94814 /* RootVM.swift in Sources */,
				CD2851FC27E9CFA100B94814 /* Enums.swift in Sources */,
				CDC711EE27F1CBFD0047FE90 /* SliderDS.swift in Sources */,
				CD2851DF27E99F9400B94814 /* SceneDelegate.swift in Sources */,
				CDC711EC27F1CBEE0047FE90 /* SliderVM.swift in Sources */,
				CD00841727F428D40015B0CB /* TimeStampVC.swift in Sources */,
			);
			runOnlyForDeploymentPostprocessing = 0;
		};
/* End PBXSourcesBuildPhase section */

/* Begin PBXVariantGroup section */
		CD2851E227E99F9400B94814 /* Root.storyboard */ = {
			isa = PBXVariantGroup;
			children = (
				CD2851E327E99F9400B94814 /* Base */,
			);
			name = Root.storyboard;
			sourceTree = "<group>";
		};
		CD2851E727E99FA100B94814 /* LaunchScreen.storyboard */ = {
			isa = PBXVariantGroup;
			children = (
				CD2851E827E99FA100B94814 /* Base */,
			);
			name = LaunchScreen.storyboard;
			sourceTree = "<group>";
		};
/* End PBXVariantGroup section */

/* Begin XCBuildConfiguration section */
		CD2851EB27E99FA100B94814 /* Debug */ = {
			isa = XCBuildConfiguration;
			buildSettings = {
				ALWAYS_SEARCH_USER_PATHS = NO;
				CLANG_ANALYZER_NONNULL = YES;
				CLANG_ANALYZER_NUMBER_OBJECT_CONVERSION = YES_AGGRESSIVE;
				CLANG_CXX_LANGUAGE_STANDARD = "gnu++17";
				CLANG_CXX_LIBRARY = "libc++";
				CLANG_ENABLE_MODULES = YES;
				CLANG_ENABLE_OBJC_ARC = YES;
				CLANG_ENABLE_OBJC_WEAK = YES;
				CLANG_WARN_BLOCK_CAPTURE_AUTORELEASING = YES;
				CLANG_WARN_BOOL_CONVERSION = YES;
				CLANG_WARN_COMMA = YES;
				CLANG_WARN_CONSTANT_CONVERSION = YES;
				CLANG_WARN_DEPRECATED_OBJC_IMPLEMENTATIONS = YES;
				CLANG_WARN_DIRECT_OBJC_ISA_USAGE = YES_ERROR;
				CLANG_WARN_DOCUMENTATION_COMMENTS = YES;
				CLANG_WARN_EMPTY_BODY = YES;
				CLANG_WARN_ENUM_CONVERSION = YES;
				CLANG_WARN_INFINITE_RECURSION = YES;
				CLANG_WARN_INT_CONVERSION = YES;
				CLANG_WARN_NON_LITERAL_NULL_CONVERSION = YES;
				CLANG_WARN_OBJC_IMPLICIT_RETAIN_SELF = YES;
				CLANG_WARN_OBJC_LITERAL_CONVERSION = YES;
				CLANG_WARN_OBJC_ROOT_CLASS = YES_ERROR;
				CLANG_WARN_QUOTED_INCLUDE_IN_FRAMEWORK_HEADER = YES;
				CLANG_WARN_RANGE_LOOP_ANALYSIS = YES;
				CLANG_WARN_STRICT_PROTOTYPES = YES;
				CLANG_WARN_SUSPICIOUS_MOVE = YES;
				CLANG_WARN_UNGUARDED_AVAILABILITY = YES_AGGRESSIVE;
				CLANG_WARN_UNREACHABLE_CODE = YES;
				CLANG_WARN__DUPLICATE_METHOD_MATCH = YES;
				COPY_PHASE_STRIP = NO;
				DEBUG_INFORMATION_FORMAT = dwarf;
				ENABLE_STRICT_OBJC_MSGSEND = YES;
				ENABLE_TESTABILITY = YES;
				GCC_C_LANGUAGE_STANDARD = gnu11;
				GCC_DYNAMIC_NO_PIC = NO;
				GCC_NO_COMMON_BLOCKS = YES;
				GCC_OPTIMIZATION_LEVEL = 0;
				GCC_PREPROCESSOR_DEFINITIONS = (
					"DEBUG=1",
					"$(inherited)",
				);
				GCC_WARN_64_TO_32_BIT_CONVERSION = YES;
				GCC_WARN_ABOUT_RETURN_TYPE = YES_ERROR;
				GCC_WARN_UNDECLARED_SELECTOR = YES;
				GCC_WARN_UNINITIALIZED_AUTOS = YES_AGGRESSIVE;
				GCC_WARN_UNUSED_FUNCTION = YES;
				GCC_WARN_UNUSED_VARIABLE = YES;
				IPHONEOS_DEPLOYMENT_TARGET = 15.0;
				MTL_ENABLE_DEBUG_INFO = INCLUDE_SOURCE;
				MTL_FAST_MATH = YES;
				ONLY_ACTIVE_ARCH = YES;
				SDKROOT = iphoneos;
				SWIFT_ACTIVE_COMPILATION_CONDITIONS = DEBUG;
				SWIFT_OPTIMIZATION_LEVEL = "-Onone";
			};
			name = Debug;
		};
		CD2851EC27E99FA100B94814 /* Release */ = {
			isa = XCBuildConfiguration;
			buildSettings = {
				ALWAYS_SEARCH_USER_PATHS = NO;
				CLANG_ANALYZER_NONNULL = YES;
				CLANG_ANALYZER_NUMBER_OBJECT_CONVERSION = YES_AGGRESSIVE;
				CLANG_CXX_LANGUAGE_STANDARD = "gnu++17";
				CLANG_CXX_LIBRARY = "libc++";
				CLANG_ENABLE_MODULES = YES;
				CLANG_ENABLE_OBJC_ARC = YES;
				CLANG_ENABLE_OBJC_WEAK = YES;
				CLANG_WARN_BLOCK_CAPTURE_AUTORELEASING = YES;
				CLANG_WARN_BOOL_CONVERSION = YES;
				CLANG_WARN_COMMA = YES;
				CLANG_WARN_CONSTANT_CONVERSION = YES;
				CLANG_WARN_DEPRECATED_OBJC_IMPLEMENTATIONS = YES;
				CLANG_WARN_DIRECT_OBJC_ISA_USAGE = YES_ERROR;
				CLANG_WARN_DOCUMENTATION_COMMENTS = YES;
				CLANG_WARN_EMPTY_BODY = YES;
				CLANG_WARN_ENUM_CONVERSION = YES;
				CLANG_WARN_INFINITE_RECURSION = YES;
				CLANG_WARN_INT_CONVERSION = YES;
				CLANG_WARN_NON_LITERAL_NULL_CONVERSION = YES;
				CLANG_WARN_OBJC_IMPLICIT_RETAIN_SELF = YES;
				CLANG_WARN_OBJC_LITERAL_CONVERSION = YES;
				CLANG_WARN_OBJC_ROOT_CLASS = YES_ERROR;
				CLANG_WARN_QUOTED_INCLUDE_IN_FRAMEWORK_HEADER = YES;
				CLANG_WARN_RANGE_LOOP_ANALYSIS = YES;
				CLANG_WARN_STRICT_PROTOTYPES = YES;
				CLANG_WARN_SUSPICIOUS_MOVE = YES;
				CLANG_WARN_UNGUARDED_AVAILABILITY = YES_AGGRESSIVE;
				CLANG_WARN_UNREACHABLE_CODE = YES;
				CLANG_WARN__DUPLICATE_METHOD_MATCH = YES;
				COPY_PHASE_STRIP = NO;
				DEBUG_INFORMATION_FORMAT = "dwarf-with-dsym";
				ENABLE_NS_ASSERTIONS = NO;
				ENABLE_STRICT_OBJC_MSGSEND = YES;
				GCC_C_LANGUAGE_STANDARD = gnu11;
				GCC_NO_COMMON_BLOCKS = YES;
				GCC_WARN_64_TO_32_BIT_CONVERSION = YES;
				GCC_WARN_ABOUT_RETURN_TYPE = YES_ERROR;
				GCC_WARN_UNDECLARED_SELECTOR = YES;
				GCC_WARN_UNINITIALIZED_AUTOS = YES_AGGRESSIVE;
				GCC_WARN_UNUSED_FUNCTION = YES;
				GCC_WARN_UNUSED_VARIABLE = YES;
				IPHONEOS_DEPLOYMENT_TARGET = 15.0;
				MTL_ENABLE_DEBUG_INFO = NO;
				MTL_FAST_MATH = YES;
				SDKROOT = iphoneos;
				SWIFT_COMPILATION_MODE = wholemodule;
				SWIFT_OPTIMIZATION_LEVEL = "-O";
				VALIDATE_PRODUCT = YES;
			};
			name = Release;
		};
		CD2851EE27E99FA100B94814 /* Debug */ = {
			isa = XCBuildConfiguration;
			buildSettings = {
				ASSETCATALOG_COMPILER_APPICON_NAME = AppIcon;
				ASSETCATALOG_COMPILER_GLOBAL_ACCENT_COLOR_NAME = AccentColor;
				CODE_SIGN_STYLE = Automatic;
				CURRENT_PROJECT_VERSION = 1;
				DEVELOPMENT_TEAM = 2MCAE8CXGC;
				GENERATE_INFOPLIST_FILE = YES;
				INFOPLIST_FILE = ImageEffect/Info.plist;
				INFOPLIST_KEY_UIApplicationSupportsIndirectInputEvents = YES;
				INFOPLIST_KEY_UILaunchStoryboardName = LaunchScreen;
				INFOPLIST_KEY_UIMainStoryboardFile = Root;
				INFOPLIST_KEY_UISupportedInterfaceOrientations_iPad = "UIInterfaceOrientationPortrait UIInterfaceOrientationPortraitUpsideDown UIInterfaceOrientationLandscapeLeft UIInterfaceOrientationLandscapeRight";
				INFOPLIST_KEY_UISupportedInterfaceOrientations_iPhone = "UIInterfaceOrientationPortrait UIInterfaceOrientationLandscapeLeft UIInterfaceOrientationLandscapeRight";
				LD_RUNPATH_SEARCH_PATHS = (
					"$(inherited)",
					"@executable_path/Frameworks",
				);
				MARKETING_VERSION = 1.0;
				PRODUCT_BUNDLE_IDENTIFIER = com.SimplyEntertainingLLC.ImageEffect;
				PRODUCT_NAME = "$(TARGET_NAME)";
				SWIFT_EMIT_LOC_STRINGS = YES;
				SWIFT_VERSION = 5.0;
				TARGETED_DEVICE_FAMILY = "1,2";
			};
			name = Debug;
		};
		CD2851EF27E99FA100B94814 /* Release */ = {
			isa = XCBuildConfiguration;
			buildSettings = {
				ASSETCATALOG_COMPILER_APPICON_NAME = AppIcon;
				ASSETCATALOG_COMPILER_GLOBAL_ACCENT_COLOR_NAME = AccentColor;
				CODE_SIGN_STYLE = Automatic;
				CURRENT_PROJECT_VERSION = 1;
				DEVELOPMENT_TEAM = 2MCAE8CXGC;
				GENERATE_INFOPLIST_FILE = YES;
				INFOPLIST_FILE = ImageEffect/Info.plist;
				INFOPLIST_KEY_UIApplicationSupportsIndirectInputEvents = YES;
				INFOPLIST_KEY_UILaunchStoryboardName = LaunchScreen;
				INFOPLIST_KEY_UIMainStoryboardFile = Root;
				INFOPLIST_KEY_UISupportedInterfaceOrientations_iPad = "UIInterfaceOrientationPortrait UIInterfaceOrientationPortraitUpsideDown UIInterfaceOrientationLandscapeLeft UIInterfaceOrientationLandscapeRight";
				INFOPLIST_KEY_UISupportedInterfaceOrientations_iPhone = "UIInterfaceOrientationPortrait UIInterfaceOrientationLandscapeLeft UIInterfaceOrientationLandscapeRight";
				LD_RUNPATH_SEARCH_PATHS = (
					"$(inherited)",
					"@executable_path/Frameworks",
				);
				MARKETING_VERSION = 1.0;
				PRODUCT_BUNDLE_IDENTIFIER = com.SimplyEntertainingLLC.ImageEffect;
				PRODUCT_NAME = "$(TARGET_NAME)";
				SWIFT_EMIT_LOC_STRINGS = YES;
				SWIFT_VERSION = 5.0;
				TARGETED_DEVICE_FAMILY = "1,2";
			};
			name = Release;
		};
/* End XCBuildConfiguration section */

/* Begin XCConfigurationList section */
		CD2851D427E99F9400B94814 /* Build configuration list for PBXProject "ImageEffect" */ = {
			isa = XCConfigurationList;
			buildConfigurations = (
				CD2851EB27E99FA100B94814 /* Debug */,
				CD2851EC27E99FA100B94814 /* Release */,
			);
			defaultConfigurationIsVisible = 0;
			defaultConfigurationName = Release;
		};
		CD2851ED27E99FA100B94814 /* Build configuration list for PBXNativeTarget "ImageEffect" */ = {
			isa = XCConfigurationList;
			buildConfigurations = (
				CD2851EE27E99FA100B94814 /* Debug */,
				CD2851EF27E99FA100B94814 /* Release */,
			);
			defaultConfigurationIsVisible = 0;
			defaultConfigurationName = Release;
		};
/* End XCConfigurationList section */
	};
	rootObject = CD2851D127E99F9400B94814 /* Project object */;
}
